
Microsoft Visual Studio Solution File, Format Version 12.00
# Visual Studio Version 17
VisualStudioVersion = 17.1.32228.430
MinimumVisualStudioVersion = 10.0.40219.1
Project("{9A19103F-16F7-4668-BE54-9A1E7A4F7556}") = "ToDoAPI", "ToDoAPI\ToDoAPI.csproj", "{069F4805-F116-49E5-B697-9587E6DB8705}"
EndProject
Project("{9A19103F-16F7-4668-BE54-9A1E7A4F7556}") = "DataAccessLayer", "DataAccessLayer\DataAccessLayer.csproj", "{41CA8363-6020-432E-A011-0FD302D09C8A}"
EndProject
Project("{9A19103F-16F7-4668-BE54-9A1E7A4F7556}") = "BussinessLayer", "BussinessLayer\BussinessLayer.csproj", "{C4F84404-7FDC-4394-BE54-E58D66C9CDB6}"
EndProject
Project("{9A19103F-16F7-4668-BE54-9A1E7A4F7556}") = "SharedObjects", "SharedObjects\SharedObjects.csproj", "{241155B3-86A7-4FBB-B770-9E1DCF975989}"
EndProject
Project("{FAE04EC0-301F-11D3-BF4B-00C04F79EFBC}") = "Test", "Test\Test.csproj", "{3C45C52F-FC0E-413D-A7AC-559DA8AA0CA4}"
EndProject
Global
	GlobalSection(SolutionConfigurationPlatforms) = preSolution
		Debug|Any CPU = Debug|Any CPU
		Release|Any CPU = Release|Any CPU
	EndGlobalSection
	GlobalSection(ProjectConfigurationPlatforms) = postSolution
		{069F4805-F116-49E5-B697-9587E6DB8705}.Debug|Any CPU.ActiveCfg = Debug|Any CPU
		{069F4805-F116-49E5-B697-9587E6DB8705}.Debug|Any CPU.Build.0 = Debug|Any CPU
		{069F4805-F116-49E5-B697-9587E6DB8705}.Release|Any CPU.ActiveCfg = Release|Any CPU
		{069F4805-F116-49E5-B697-9587E6DB8705}.Release|Any CPU.Build.0 = Release|Any CPU
		{41CA8363-6020-432E-A011-0FD302D09C8A}.Debug|Any CPU.ActiveCfg = Debug|Any CPU
		{41CA8363-6020-432E-A011-0FD302D09C8A}.Debug|Any CPU.Build.0 = Debug|Any CPU
		{41CA8363-6020-432E-A011-0FD302D09C8A}.Release|Any CPU.ActiveCfg = Release|Any CPU
		{41CA8363-6020-432E-A011-0FD302D09C8A}.Release|Any CPU.Build.0 = Release|Any CPU
		{C4F84404-7FDC-4394-BE54-E58D66C9CDB6}.Debug|Any CPU.ActiveCfg = Debug|Any CPU
		{C4F84404-7FDC-4394-BE54-E58D66C9CDB6}.Debug|Any CPU.Build.0 = Debug|Any CPU
		{C4F84404-7FDC-4394-BE54-E58D66C9CDB6}.Release|Any CPU.ActiveCfg = Release|Any CPU
		{C4F84404-7FDC-4394-BE54-E58D66C9CDB6}.Release|Any CPU.Build.0 = Release|Any CPU
		{241155B3-86A7-4FBB-B770-9E1DCF975989}.Debug|Any CPU.ActiveCfg = Debug|Any CPU
		{241155B3-86A7-4FBB-B770-9E1DCF975989}.Debug|Any CPU.Build.0 = Debug|Any CPU
		{241155B3-86A7-4FBB-B770-9E1DCF975989}.Release|Any CPU.ActiveCfg = Release|Any CPU
		{241155B3-86A7-4FBB-B770-9E1DCF975989}.Release|Any CPU.Build.0 = Release|Any CPU
		{3C45C52F-FC0E-413D-A7AC-559DA8AA0CA4}.Debug|Any CPU.ActiveCfg = Debug|Any CPU
		{3C45C52F-FC0E-413D-A7AC-559DA8AA0CA4}.Debug|Any CPU.Build.0 = Debug|Any CPU
		{3C45C52F-FC0E-413D-A7AC-559DA8AA0CA4}.Release|Any CPU.ActiveCfg = Release|Any CPU
		{3C45C52F-FC0E-413D-A7AC-559DA8AA0CA4}.Release|Any CPU.Build.0 = Release|Any CPU
	EndGlobalSection
	GlobalSection(SolutionProperties) = preSolution
		HideSolutionNode = FALSE
	EndGlobalSection
	GlobalSection(ExtensibilityGlobals) = postSolution
		SolutionGuid = {C2829659-6089-4EEA-A87C-326551DB9D88}
	EndGlobalSection
EndGlobal
